
Microsoft Visual Studio Solution File, Format Version 12.00
# Visual Studio Version 17
VisualStudioVersion = 17.5.33516.290
MinimumVisualStudioVersion = 10.0.40219.1
Project("{9A19103F-16F7-4668-BE54-9A1E7A4F7556}") = "projekt_zaliczeniowy", "projekt_zaliczeniowy\projekt_zaliczeniowy.csproj", "{503DFFBE-76F1-4E81-A839-1B5724EA5481}"
EndProject
Global
	GlobalSection(SolutionConfigurationPlatforms) = preSolution
		Debug|Any CPU = Debug|Any CPU
		Release|Any CPU = Release|Any CPU
	EndGlobalSection
	GlobalSection(ProjectConfigurationPlatforms) = postSolution
		{503DFFBE-76F1-4E81-A839-1B5724EA5481}.Debug|Any CPU.ActiveCfg = Debug|Any CPU
		{503DFFBE-76F1-4E81-A839-1B5724EA5481}.Debug|Any CPU.Build.0 = Debug|Any CPU
		{503DFFBE-76F1-4E81-A839-1B5724EA5481}.Release|Any CPU.ActiveCfg = Release|Any CPU
		{503DFFBE-76F1-4E81-A839-1B5724EA5481}.Release|Any CPU.Build.0 = Release|Any CPU
	EndGlobalSection
	GlobalSection(SolutionProperties) = preSolution
		HideSolutionNode = FALSE
	EndGlobalSection
	GlobalSection(ExtensibilityGlobals) = postSolution
		SolutionGuid = {AE98B856-AADF-45F5-AAE8-2D6B18F11927}
	EndGlobalSection
EndGlobal
